
Microsoft Visual Studio Solution File, Format Version 12.00
# Visual Studio 15
VisualStudioVersion = 15.0.28307.1259
MinimumVisualStudioVersion = 10.0.40219.1
Project("{FAE04EC0-301F-11D3-BF4B-00C04F79EFBC}") = "api_pam3", "api_pam3\api_pam3.csproj", "{BE1BFAA7-DA28-41C6-8758-9369D07F4676}"
EndProject
Global
	GlobalSection(SolutionConfigurationPlatforms) = preSolution
		Debug|Any CPU = Debug|Any CPU
		Release|Any CPU = Release|Any CPU
	EndGlobalSection
	GlobalSection(ProjectConfigurationPlatforms) = postSolution
		{BE1BFAA7-DA28-41C6-8758-9369D07F4676}.Debug|Any CPU.ActiveCfg = Debug|Any CPU
		{BE1BFAA7-DA28-41C6-8758-9369D07F4676}.Debug|Any CPU.Build.0 = Debug|Any CPU
		{BE1BFAA7-DA28-41C6-8758-9369D07F4676}.Release|Any CPU.ActiveCfg = Release|Any CPU
		{BE1BFAA7-DA28-41C6-8758-9369D07F4676}.Release|Any CPU.Build.0 = Release|Any CPU
	EndGlobalSection
	GlobalSection(SolutionProperties) = preSolution
		HideSolutionNode = FALSE
	EndGlobalSection
	GlobalSection(ExtensibilityGlobals) = postSolution
		SolutionGuid = {E634380C-D397-480B-BD99-6ECA3187D542}
	EndGlobalSection
EndGlobal
